
Microsoft Visual Studio Solution File, Format Version 12.00
# Visual Studio 15
VisualStudioVersion = 15.0.28010.2036
MinimumVisualStudioVersion = 10.0.40219.1
Project("{E24C65DC-7377-472B-9ABA-BC803B73C61A}") = "WebSiteSomee", "WebSiteSomee\", "{2A5E19FB-5D0C-4B65-A10C-044DCD21B90B}"
	ProjectSection(WebsiteProperties) = preProject
		TargetFrameworkMoniker = ".NETFramework,Version%3Dv4.6.1"
		Debug.AspNetCompiler.VirtualPath = "/localhost_49267"
		Debug.AspNetCompiler.PhysicalPath = "WebSiteSomee\"
		Debug.AspNetCompiler.TargetPath = "PrecompiledWeb\localhost_49267\"
		Debug.AspNetCompiler.Updateable = "true"
		Debug.AspNetCompiler.ForceOverwrite = "true"
		Debug.AspNetCompiler.FixedNames = "false"
		Debug.AspNetCompiler.Debug = "True"
		Release.AspNetCompiler.VirtualPath = "/localhost_49267"
		Release.AspNetCompiler.PhysicalPath = "WebSiteSomee\"
		Release.AspNetCompiler.TargetPath = "PrecompiledWeb\localhost_49267\"
		Release.AspNetCompiler.Updateable = "true"
		Release.AspNetCompiler.ForceOverwrite = "true"
		Release.AspNetCompiler.FixedNames = "false"
		Release.AspNetCompiler.Debug = "False"
		VWDPort = "49267"
		SlnRelativePath = "WebSiteSomee\"
		DefaultWebSiteLanguage = "Visual C#"
	EndProjectSection
	ProjectSection(ProjectDependencies) = postProject
		{78944CCB-027A-4899-BFB9-8E2C93202AC5} = {78944CCB-027A-4899-BFB9-8E2C93202AC5}
	EndProjectSection
EndProject
Project("{9A19103F-16F7-4668-BE54-9A1E7A4F7556}") = "UnitTestProject1", "UnitTestProject1\UnitTestProject1.csproj", "{78944CCB-027A-4899-BFB9-8E2C93202AC5}"
EndProject
Global
	GlobalSection(SolutionConfigurationPlatforms) = preSolution
		Debug|Any CPU = Debug|Any CPU
		Release|Any CPU = Release|Any CPU
	EndGlobalSection
	GlobalSection(ProjectConfigurationPlatforms) = postSolution
		{2A5E19FB-5D0C-4B65-A10C-044DCD21B90B}.Debug|Any CPU.ActiveCfg = Debug|Any CPU
		{2A5E19FB-5D0C-4B65-A10C-044DCD21B90B}.Debug|Any CPU.Build.0 = Debug|Any CPU
		{2A5E19FB-5D0C-4B65-A10C-044DCD21B90B}.Release|Any CPU.ActiveCfg = Debug|Any CPU
		{2A5E19FB-5D0C-4B65-A10C-044DCD21B90B}.Release|Any CPU.Build.0 = Debug|Any CPU
		{78944CCB-027A-4899-BFB9-8E2C93202AC5}.Debug|Any CPU.ActiveCfg = Debug|Any CPU
		{78944CCB-027A-4899-BFB9-8E2C93202AC5}.Debug|Any CPU.Build.0 = Debug|Any CPU
		{78944CCB-027A-4899-BFB9-8E2C93202AC5}.Release|Any CPU.ActiveCfg = Release|Any CPU
		{78944CCB-027A-4899-BFB9-8E2C93202AC5}.Release|Any CPU.Build.0 = Release|Any CPU
	EndGlobalSection
	GlobalSection(SolutionProperties) = preSolution
		HideSolutionNode = FALSE
	EndGlobalSection
	GlobalSection(ExtensibilityGlobals) = postSolution
		SolutionGuid = {E9F59FF7-F718-4200-B8D6-DC257D7CC413}
	EndGlobalSection
EndGlobal
